
Microsoft Visual Studio Solution File, Format Version 12.00
# Visual Studio 15
VisualStudioVersion = 15.0.28307.572
MinimumVisualStudioVersion = 10.0.40219.1
Project("{FAE04EC0-301F-11D3-BF4B-00C04F79EFBC}") = "TwoDecks", "TwoDecks\TwoDecks.csproj", "{2A50EF00-1B08-4946-8142-F8F3A98D09E8}"
EndProject
Global
	GlobalSection(SolutionConfigurationPlatforms) = preSolution
		Debug|Any CPU = Debug|Any CPU
		Release|Any CPU = Release|Any CPU
	EndGlobalSection
	GlobalSection(ProjectConfigurationPlatforms) = postSolution
		{2A50EF00-1B08-4946-8142-F8F3A98D09E8}.Debug|Any CPU.ActiveCfg = Debug|Any CPU
		{2A50EF00-1B08-4946-8142-F8F3A98D09E8}.Debug|Any CPU.Build.0 = Debug|Any CPU
		{2A50EF00-1B08-4946-8142-F8F3A98D09E8}.Release|Any CPU.ActiveCfg = Release|Any CPU
		{2A50EF00-1B08-4946-8142-F8F3A98D09E8}.Release|Any CPU.Build.0 = Release|Any CPU
	EndGlobalSection
	GlobalSection(SolutionProperties) = preSolution
		HideSolutionNode = FALSE
	EndGlobalSection
	GlobalSection(ExtensibilityGlobals) = postSolution
		SolutionGuid = {C899CED2-BD02-4D14-8D03-3B4D343C503B}
	EndGlobalSection
EndGlobal
